
Microsoft Visual Studio Solution File, Format Version 12.00
# Visual Studio Version 16
VisualStudioVersion = 16.0.33214.272
MinimumVisualStudioVersion = 10.0.40219.1
Project("{FAE04EC0-301F-11D3-BF4B-00C04F79EFBC}") = "GitHubDemo", "GitHubDemo\GitHubDemo.csproj", "{4BA7EA10-CBA0-4490-9B1C-D426E5AAE990}"
EndProject
Global
	GlobalSection(SolutionConfigurationPlatforms) = preSolution
		Debug|Any CPU = Debug|Any CPU
		Release|Any CPU = Release|Any CPU
	EndGlobalSection
	GlobalSection(ProjectConfigurationPlatforms) = postSolution
		{4BA7EA10-CBA0-4490-9B1C-D426E5AAE990}.Debug|Any CPU.ActiveCfg = Debug|Any CPU
		{4BA7EA10-CBA0-4490-9B1C-D426E5AAE990}.Debug|Any CPU.Build.0 = Debug|Any CPU
		{4BA7EA10-CBA0-4490-9B1C-D426E5AAE990}.Release|Any CPU.ActiveCfg = Release|Any CPU
		{4BA7EA10-CBA0-4490-9B1C-D426E5AAE990}.Release|Any CPU.Build.0 = Release|Any CPU
	EndGlobalSection
	GlobalSection(SolutionProperties) = preSolution
		HideSolutionNode = FALSE
	EndGlobalSection
	GlobalSection(ExtensibilityGlobals) = postSolution
		SolutionGuid = {2D134327-440E-46A8-92BB-744723E28C01}
	EndGlobalSection
EndGlobal
